{
  "nodes": {
    "bobthefish": {
      "flake": false,
      "locked": {
        "lastModified": 1659411664,
        "narHash": "sha256-jBbm0wTNZ7jSoGFxRkTz96QHpc5ViAw9RGsRBkCQEIU=",
        "owner": "oh-my-fish",
        "repo": "theme-bobthefish",
        "rev": "2dcfcab653ae69ae95ab57217fe64c97ae05d8de",
        "type": "github"
      },
      "original": {
        "owner": "oh-my-fish",
        "repo": "theme-bobthefish",
        "type": "github"
      }
    },
    "gamescope-git": {
      "flake": false,
      "locked": {
        "lastModified": 1663577517,
        "narHash": "sha256-tEYTVc7TNUHEJM6sTVYnEJ1JIbmL+JpEjLcjoqca9fA=",
        "owner": "Plagman",
        "repo": "gamescope",
        "rev": "8608e017ecb91dc7b552507f174fc8b65090782b",
        "type": "github"
      },
      "original": {
        "owner": "Plagman",
        "repo": "gamescope",
        "type": "github"
      }
    },
    "grub2-themes": {
      "inputs": {
        "nixpkgs": [
          "nixpkgs"
        ]
      },
      "locked": {
        "lastModified": 1661882555,
        "narHash": "sha256-XC7Zqy4AscFd2IzbEIoghMqsG3KkZHA4QB1T/k/72h4=",
        "owner": "vinceliuice",
        "repo": "grub2-themes",
        "rev": "c6e2967f06549d760332476b11d9c83d1778ded8",
        "type": "github"
      },
      "original": {
        "owner": "vinceliuice",
        "repo": "grub2-themes",
        "type": "github"
      }
    },
    "home-manager": {
      "inputs": {
        "nixpkgs": [
          "nixpkgs"
        ],
        "utils": "utils"
      },
      "locked": {
        "lastModified": 1665098471,
        "narHash": "sha256-sNy1nfNg/p/q7JqsJtEOWbV3m5i5M89FzAJwbIn6W2Y=",
        "owner": "nix-community",
        "repo": "home-manager",
        "rev": "be2cade373d96b469e5f4bb22c40cac87cf5a6f0",
        "type": "github"
      },
      "original": {
        "owner": "nix-community",
        "repo": "home-manager",
        "type": "github"
      }
    },
    "kakoune-smarttab": {
      "flake": false,
      "locked": {
        "lastModified": 1649581983,
        "narHash": "sha256-STLZSwQPM+gTnkA+FQOF4I0ifPTjQWpEc/95JRzvIqU=",
        "owner": "andreyorst",
        "repo": "smarttab.kak",
        "rev": "86ac6599b13617ff938905ba4cdd8225d7eb6a2e",
        "type": "github"
      },
      "original": {
        "owner": "andreyorst",
        "repo": "smarttab.kak",
        "type": "github"
      }
    },
    "kakoune-sort-selections": {
      "flake": false,
      "locked": {
        "lastModified": 1647781028,
        "narHash": "sha256-P0uyuKQ//QqzOHs920gggXUKyWoMeAWn7XnlOQazHbc=",
        "owner": "occivink",
        "repo": "kakoune-sort-selections",
        "rev": "fdc03616b83140d3657f971dbc914269f9c8f1ff",
        "type": "github"
      },
      "original": {
        "owner": "occivink",
        "repo": "kakoune-sort-selections",
        "type": "github"
      }
    },
    "mesa-git": {
      "flake": false,
      "locked": {
        "lastModified": 1665034234,
        "narHash": "sha256-Zc7leE5D1G12dhYn5GGyIeRnPzzbCvWvXNTlI2Wpb28=",
        "ref": "refs/heads/main",
        "rev": "1ebd3fb3ad843d631e4c46f82ea789042a82af57",
        "revCount": 160898,
        "type": "git",
        "url": "https://gitlab.freedesktop.org/mesa/mesa.git"
      },
      "original": {
        "type": "git",
        "url": "https://gitlab.freedesktop.org/mesa/mesa.git"
      }
    },
    "nixpkgs": {
      "locked": {
        "lastModified": 1665056165,
        "narHash": "sha256-2C7VfNphJa0FxPoT+suMOmUDVrQ5RIE+NKfDWqElvE4=",
        "owner": "NixOS",
        "repo": "nixpkgs",
        "rev": "27a89ba43b0fb735ce867e8ab3d2442f8cc61dad",
        "type": "github"
      },
      "original": {
        "id": "nixpkgs",
        "ref": "nixpkgs-unstable",
        "type": "indirect"
      }
    },
    "rofi-theme": {
      "flake": false,
      "locked": {
        "lastModified": 1555978826,
        "narHash": "sha256-nAVNtibzVhv1wBcAo36jvHbsN7spFYjjm3IhcAeoM6M=",
        "owner": "bardisty",
        "repo": "gruvbox-rofi",
        "rev": "0b4cf703087e2150968826b7508cf119437eba7a",
        "type": "github"
      },
      "original": {
        "owner": "bardisty",
        "repo": "gruvbox-rofi",
        "type": "github"
      }
    },
    "root": {
      "inputs": {
        "bobthefish": "bobthefish",
        "gamescope-git": "gamescope-git",
        "grub2-themes": "grub2-themes",
        "home-manager": "home-manager",
        "kakoune-smarttab": "kakoune-smarttab",
        "kakoune-sort-selections": "kakoune-sort-selections",
        "mesa-git": "mesa-git",
        "nixpkgs": "nixpkgs",
        "rofi-theme": "rofi-theme",
        "sway-git": "sway-git",
        "wlroots-git": "wlroots-git",
        "xorg-git": "xorg-git"
      }
    },
    "sway-git": {
      "flake": false,
      "locked": {
        "lastModified": 1663019958,
        "narHash": "sha256-e+YmELBc1vLTPpmb/uqpY3gxuI2L4KF5sHvsFgwG0i8=",
        "owner": "swaywm",
        "repo": "sway",
        "rev": "1c368fbb5fcd8fb67040bcc12bd71c7fbf119e97",
        "type": "github"
      },
      "original": {
        "owner": "swaywm",
        "repo": "sway",
        "rev": "1c368fbb5fcd8fb67040bcc12bd71c7fbf119e97",
        "type": "github"
      }
    },
    "utils": {
      "locked": {
        "lastModified": 1659877975,
        "narHash": "sha256-zllb8aq3YO3h8B/U0/J1WBgAL8EX5yWf5pMj3G0NAmc=",
        "owner": "numtide",
        "repo": "flake-utils",
        "rev": "c0e246b9b83f637f4681389ecabcb2681b4f3af0",
        "type": "github"
      },
      "original": {
        "owner": "numtide",
        "repo": "flake-utils",
        "type": "github"
      }
    },
    "wlroots-git": {
      "flake": false,
      "locked": {
        "lastModified": 1663008276,
        "narHash": "sha256-InyL6mZiXbj9UxE+0h+bqyKtXtcl9Ar+5uu2ufMAMaI=",
        "ref": "refs/heads/master",
        "rev": "42ae1e75aa22c9f8063300dcca846b35c03022e5",
        "revCount": 5702,
        "type": "git",
        "url": "https://gitlab.freedesktop.org/wlroots/wlroots.git"
      },
      "original": {
        "rev": "42ae1e75aa22c9f8063300dcca846b35c03022e5",
        "type": "git",
        "url": "https://gitlab.freedesktop.org/wlroots/wlroots.git"
      }
    },
    "xorg-git": {
      "flake": false,
      "locked": {
        "lastModified": 1662742363,
        "narHash": "sha256-YJuBvWRs9tiKvNRuuKLegElhxLpbLZz39YZptg9+qUA=",
        "ref": "refs/heads/master",
        "rev": "2ab70dede76c99876d7d5d1efa521b8082e13210",
        "revCount": 17909,
        "type": "git",
        "url": "https://gitlab.freedesktop.org/xorg/xserver.git"
      },
      "original": {
        "type": "git",
        "url": "https://gitlab.freedesktop.org/xorg/xserver.git"
      }
    }
  },
  "root": "root",
  "version": 7
}
