{
  "nodes": {
    "grub2-themes": {
      "inputs": {
        "nixpkgs": "nixpkgs"
      },
      "locked": {
        "lastModified": 1648398371,
        "narHash": "sha256-Ti32Wbftf33gfMd/R6z+ESc9mF7In38GHH7F/cXJKeM=",
        "owner": "vinceliuice",
        "repo": "grub2-themes",
        "rev": "fa74d1b6af8ba7cb142a14e4e4deb46789f1a6af",
        "type": "github"
      },
      "original": {
        "owner": "vinceliuice",
        "repo": "grub2-themes",
        "type": "github"
      }
    },
    "home-manager": {
      "inputs": {
        "nixpkgs": [
          "nixpkgs"
        ],
        "utils": "utils"
      },
      "locked": {
        "lastModified": 1661371005,
        "narHash": "sha256-PfWRIyJQhBtVhENqmVcI+C9kisctmzos+nrH+feGX3U=",
        "owner": "nix-community",
        "repo": "home-manager",
        "rev": "b382b59faf717c5b36f4cd8e1c5d96cdabd382c9",
        "type": "github"
      },
      "original": {
        "owner": "nix-community",
        "repo": "home-manager",
        "type": "github"
      }
    },
    "hyprland": {
      "inputs": {
        "nixpkgs": "nixpkgs_2",
        "wlroots": "wlroots"
      },
      "locked": {
        "lastModified": 1661271933,
        "narHash": "sha256-6gRCOjclEcFV0kybiiEIM9Li+/PolRjCrQDYWQjyT5Y=",
        "owner": "hyprwm",
        "repo": "Hyprland",
        "rev": "0a9ac4703019298787de6ff20b228f5f3e2f3bdc",
        "type": "github"
      },
      "original": {
        "owner": "hyprwm",
        "repo": "Hyprland",
        "type": "github"
      }
    },
    "kakoune-auto-pairs": {
      "flake": false,
      "locked": {
        "lastModified": 1647175978,
        "narHash": "sha256-MgqCuGj03ctKty2yQgQvy6qV/0s7euNwukhSjqauqW8=",
        "owner": "alexherbo2",
        "repo": "auto-pairs.kak",
        "rev": "bfdcb8566076f653ec707f86207f83ea75173ce9",
        "type": "github"
      },
      "original": {
        "owner": "alexherbo2",
        "repo": "auto-pairs.kak",
        "type": "github"
      }
    },
    "kakoune-smarttab": {
      "flake": false,
      "locked": {
        "lastModified": 1649581983,
        "narHash": "sha256-STLZSwQPM+gTnkA+FQOF4I0ifPTjQWpEc/95JRzvIqU=",
        "owner": "andreyorst",
        "repo": "smarttab.kak",
        "rev": "86ac6599b13617ff938905ba4cdd8225d7eb6a2e",
        "type": "github"
      },
      "original": {
        "owner": "andreyorst",
        "repo": "smarttab.kak",
        "type": "github"
      }
    },
    "kakoune-sort-selections": {
      "flake": false,
      "locked": {
        "lastModified": 1647781028,
        "narHash": "sha256-P0uyuKQ//QqzOHs920gggXUKyWoMeAWn7XnlOQazHbc=",
        "owner": "occivink",
        "repo": "kakoune-sort-selections",
        "rev": "fdc03616b83140d3657f971dbc914269f9c8f1ff",
        "type": "github"
      },
      "original": {
        "owner": "occivink",
        "repo": "kakoune-sort-selections",
        "type": "github"
      }
    },
    "nixpkgs": {
      "locked": {
        "lastModified": 1660519210,
        "narHash": "sha256-LdGKQhxCm6IwZuFhV8FE6njEmLF0GgzR/cBdoc4+8C0=",
        "owner": "NixOS",
        "repo": "nixpkgs",
        "rev": "901042d9c6d0251c7cf8cd468e61717aa7de0439",
        "type": "github"
      },
      "original": {
        "owner": "NixOS",
        "ref": "master",
        "repo": "nixpkgs",
        "type": "github"
      }
    },
    "nixpkgs_2": {
      "locked": {
        "lastModified": 1660908602,
        "narHash": "sha256-SwZ85IPWvC4NxxFhWhRMTJpApSHbY1u4YK2UFWEBWvY=",
        "owner": "NixOS",
        "repo": "nixpkgs",
        "rev": "495b19d5b3e62b4ec7e846bdfb6ef3d9c3b83492",
        "type": "github"
      },
      "original": {
        "owner": "NixOS",
        "ref": "nixos-unstable",
        "repo": "nixpkgs",
        "type": "github"
      }
    },
    "nixpkgs_3": {
      "locked": {
        "lastModified": 1661336769,
        "narHash": "sha256-5Sf9tMd1Jdm+lTBGspbQ4kEoYCDKpUhEVAZHRcm6mGU=",
        "owner": "NixOS",
        "repo": "nixpkgs",
        "rev": "03428dbaaa23d6bf458770907b0927b377c873a8",
        "type": "github"
      },
      "original": {
        "id": "nixpkgs",
        "ref": "nixpkgs-unstable",
        "type": "indirect"
      }
    },
    "nur": {
      "locked": {
        "lastModified": 1661436986,
        "narHash": "sha256-PAGbku4obAUgqeltzK2YRiq4mDgYWW+hUvaFp8QM+lU=",
        "owner": "nix-community",
        "repo": "NUR",
        "rev": "63164015a1ae4f097ed353571c2436092640cea6",
        "type": "github"
      },
      "original": {
        "owner": "nix-community",
        "repo": "NUR",
        "type": "github"
      }
    },
    "rofi-theme": {
      "flake": false,
      "locked": {
        "lastModified": 1555978826,
        "narHash": "sha256-nAVNtibzVhv1wBcAo36jvHbsN7spFYjjm3IhcAeoM6M=",
        "owner": "bardisty",
        "repo": "gruvbox-rofi",
        "rev": "0b4cf703087e2150968826b7508cf119437eba7a",
        "type": "github"
      },
      "original": {
        "owner": "bardisty",
        "repo": "gruvbox-rofi",
        "type": "github"
      }
    },
    "root": {
      "inputs": {
        "grub2-themes": "grub2-themes",
        "home-manager": "home-manager",
        "hyprland": "hyprland",
        "kakoune-auto-pairs": "kakoune-auto-pairs",
        "kakoune-smarttab": "kakoune-smarttab",
        "kakoune-sort-selections": "kakoune-sort-selections",
        "nixpkgs": "nixpkgs_3",
        "nur": "nur",
        "rofi-theme": "rofi-theme"
      }
    },
    "utils": {
      "locked": {
        "lastModified": 1653893745,
        "narHash": "sha256-0jntwV3Z8//YwuOjzhV2sgJJPt+HY6KhU7VZUL0fKZQ=",
        "owner": "numtide",
        "repo": "flake-utils",
        "rev": "1ed9fb1935d260de5fe1c2f7ee0ebaae17ed2fa1",
        "type": "github"
      },
      "original": {
        "owner": "numtide",
        "repo": "flake-utils",
        "type": "github"
      }
    },
    "wlroots": {
      "flake": false,
      "locked": {
        "host": "gitlab.freedesktop.org",
        "lastModified": 1660930713,
        "narHash": "sha256-bY7q1NqG/sjCUAWPn/Ne9NCigLlPlH5Lk1WCMqv3rTU=",
        "owner": "wlroots",
        "repo": "wlroots",
        "rev": "7c575922c05e4d5fd9a403c2aa631a54c7531d44",
        "type": "gitlab"
      },
      "original": {
        "host": "gitlab.freedesktop.org",
        "owner": "wlroots",
        "repo": "wlroots",
        "type": "gitlab"
      }
    }
  },
  "root": "root",
  "version": 7
}
